<?xml version="1.0" encoding="utf-8"?>
<Project ToolsVersion="4.0" xmlns="http://schemas.microsoft.com/developer/msbuild/2003">
  <ItemGroup>
    <Filter Include="Quelldateien">
      <UniqueIdentifier>{4FC737F1-C7A5-4376-A066-2A32D752A2FF}</UniqueIdentifier>
      <Extensions>cpp;c;cc;cxx;c++;cppm;ixx;def;odl;idl;hpj;bat;asm;asmx</Extensions>
    </Filter>
    <Filter Include="Headerdateien">
      <UniqueIdentifier>{93995380-89BD-4b04-88EB-625FBE52EBFB}</UniqueIdentifier>
      <Extensions>h;hh;hpp;hxx;h++;hm;inl;inc;ipp;xsd</Extensions>
    </Filter>
    <Filter Include="Ressourcendateien">
      <UniqueIdentifier>{67DA6AB6-F800-4c08-8B7A-83BB121AAD01}</UniqueIdentifier>
      <Extensions>rc;ico;cur;bmp;dlg;rc2;rct;bin;rgs;gif;jpg;jpeg;jpe;resx;tiff;tif;png;wav;mfcribbon-ms</Extensions>
    </Filter>
    <Filter Include="Quelldateien\utils">
      <UniqueIdentifier>{45b1e6c7-437f-4d6b-a02a-124c55b11ccd}</UniqueIdentifier>
    </Filter>
    <Filter Include="Quelldateien\interface">
      <UniqueIdentifier>{8f10f0c0-2e21-459f-9690-a9b2ecf9fe87}</UniqueIdentifier>
    </Filter>
  </ItemGroup>
  <ItemGroup>
    <ClCompile Include="memfs.cpp">
      <Filter>Quelldateien</Filter>
    </ClCompile>
    <ClCompile Include="main.cpp">
      <Filter>Quelldateien</Filter>
    </ClCompile>
    <ClCompile Include="create.cpp">
      <Filter>Quelldateien</Filter>
    </ClCompile>
    <ClCompile Include="exceptions.cpp">
      <Filter>Quelldateien</Filter>
    </ClCompile>
    <ClCompile Include="utils.cpp">
      <Filter>Quelldateien\utils</Filter>
    </ClCompile>
    <ClCompile Include="volumeinfo.cpp">
      <Filter>Quelldateien\interface</Filter>
    </ClCompile>
    <ClCompile Include="totalsize.cpp">
      <Filter>Quelldateien</Filter>
    </ClCompile>
    <ClCompile Include="basic.cpp">
      <Filter>Quelldateien</Filter>
    </ClCompile>
    <ClCompile Include="other.cpp">
      <Filter>Quelldateien\interface</Filter>
    </ClCompile>
    <ClCompile Include="security.cpp">
      <Filter>Quelldateien\interface</Filter>
    </ClCompile>
    <ClCompile Include="sectors.cpp">
      <Filter>Quelldateien</Filter>
    </ClCompile>
    <ClCompile Include="comparisons.cpp">
      <Filter>Quelldateien\utils</Filter>
    </ClCompile>
    <ClCompile Include="nodes.cpp">
      <Filter>Quelldateien</Filter>
    </ClCompile>
    <ClCompile Include="filemap.cpp">
      <Filter>Quelldateien</Filter>
    </ClCompile>
    <ClCompile Include="filecreate.cpp">
      <Filter>Quelldateien\interface</Filter>
    </ClCompile>
    <ClCompile Include="nodes-compat.cpp">
      <Filter>Quelldateien</Filter>
    </ClCompile>
    <ClCompile Include="io.cpp">
      <Filter>Quelldateien\interface</Filter>
    </ClCompile>
    <ClCompile Include="fileinfo.cpp">
      <Filter>Quelldateien\interface</Filter>
    </ClCompile>
  </ItemGroup>
  <ItemGroup>
    <ClInclude Include="memfs.h">
      <Filter>Headerdateien</Filter>
    </ClInclude>
    <ClInclude Include="exceptions.h">
      <Filter>Headerdateien</Filter>
    </ClInclude>
    <ClInclude Include="utils.h">
      <Filter>Quelldateien\utils</Filter>
    </ClInclude>
    <ClInclude Include="memfs-interface.h">
      <Filter>Headerdateien</Filter>
    </ClInclude>
    <ClInclude Include="sectors.h">
      <Filter>Headerdateien</Filter>
    </ClInclude>
    <ClInclude Include="comparisons.h">
      <Filter>Quelldateien\utils</Filter>
    </ClInclude>
    <ClInclude Include="nodes.h">
      <Filter>Headerdateien</Filter>
    </ClInclude>
    <ClInclude Include="dynamicstruct.h">
      <Filter>Headerdateien</Filter>
    </ClInclude>
  </ItemGroup>
</Project>